
Microsoft Visual Studio Solution File, Format Version 12.00
# Visual Studio Version 17
VisualStudioVersion = 17.1.32328.378
MinimumVisualStudioVersion = 10.0.40219.1
Project("{9A19103F-16F7-4668-BE54-9A1E7A4F7556}") = "copc-tests", ".\tests\copc-tests.csproj", "{DB9A629D-05C0-471E-9A16-2B054F0068C6}"
EndProject
Project("{FAE04EC0-301F-11D3-BF4B-00C04F79EFBC}") = "copc", ".\copc\copc.csproj", "{2AC7F5D9-382D-48B6-8071-38A8F06CF79F}"
EndProject
Project("{2150E333-8FDC-42A3-9474-1A3956D46DE8}") = "Solution Items", "Solution Items", "{27EDC498-1305-45CF-BB6D-A2CBD2AD9475}"
	ProjectSection(SolutionItems) = preProject
		..\README.md = ..\README.md
	EndProjectSection
EndProject
Global
	GlobalSection(SolutionConfigurationPlatforms) = preSolution
		Debug|Any CPU = Debug|Any CPU
		Release|Any CPU = Release|Any CPU
	EndGlobalSection
	GlobalSection(ProjectConfigurationPlatforms) = postSolution
		{DB9A629D-05C0-471E-9A16-2B054F0068C6}.Debug|Any CPU.ActiveCfg = Debug|Any CPU
		{DB9A629D-05C0-471E-9A16-2B054F0068C6}.Debug|Any CPU.Build.0 = Debug|Any CPU
		{DB9A629D-05C0-471E-9A16-2B054F0068C6}.Release|Any CPU.ActiveCfg = Release|Any CPU
		{DB9A629D-05C0-471E-9A16-2B054F0068C6}.Release|Any CPU.Build.0 = Release|Any CPU
		{2AC7F5D9-382D-48B6-8071-38A8F06CF79F}.Debug|Any CPU.ActiveCfg = Debug|Any CPU
		{2AC7F5D9-382D-48B6-8071-38A8F06CF79F}.Debug|Any CPU.Build.0 = Debug|Any CPU
		{2AC7F5D9-382D-48B6-8071-38A8F06CF79F}.Release|Any CPU.ActiveCfg = Release|Any CPU
		{2AC7F5D9-382D-48B6-8071-38A8F06CF79F}.Release|Any CPU.Build.0 = Release|Any CPU
	EndGlobalSection
	GlobalSection(SolutionProperties) = preSolution
		HideSolutionNode = FALSE
	EndGlobalSection
	GlobalSection(ExtensibilityGlobals) = postSolution
		SolutionGuid = {71F529AA-7D51-49C6-BA14-D4609BD892B8}
	EndGlobalSection
EndGlobal
